
Microsoft Visual Studio Solution File, Format Version 12.00
# Visual Studio Version 17
VisualStudioVersion = 17.4.33122.133
MinimumVisualStudioVersion = 10.0.40219.1
Project("{FAE04EC0-301F-11D3-BF4B-00C04F79EFBC}") = "usalesiana.UWP", "usalesiana\usalesiana.UWP\usalesiana.UWP.csproj", "{4A121015-6930-4F8A-8A19-415BAF9DBCEF}"
EndProject
Project("{FAE04EC0-301F-11D3-BF4B-00C04F79EFBC}") = "usalesiana.Android", "usalesiana\usalesiana.Android\usalesiana.Android.csproj", "{AF3C53B7-CDCE-43CA-A92F-D6DABFCD147A}"
EndProject
Project("{FAE04EC0-301F-11D3-BF4B-00C04F79EFBC}") = "usalesiana.iOS", "usalesiana\usalesiana.iOS\usalesiana.iOS.csproj", "{C6354ED7-BE9A-454C-BDCC-146EDE6A44F7}"
EndProject
Project("{FAE04EC0-301F-11D3-BF4B-00C04F79EFBC}") = "usalesiana", "usalesiana\usalesiana\usalesiana.csproj", "{4D0AD1F6-8EE6-4476-81D9-C0564CD62132}"
EndProject
Global
	GlobalSection(SolutionConfigurationPlatforms) = preSolution
		Debug|Any CPU = Debug|Any CPU
		Debug|ARM = Debug|ARM
		Debug|iPhone = Debug|iPhone
		Debug|iPhoneSimulator = Debug|iPhoneSimulator
		Debug|x64 = Debug|x64
		Debug|x86 = Debug|x86
		Release|Any CPU = Release|Any CPU
		Release|ARM = Release|ARM
		Release|iPhone = Release|iPhone
		Release|iPhoneSimulator = Release|iPhoneSimulator
		Release|x64 = Release|x64
		Release|x86 = Release|x86
	EndGlobalSection
	GlobalSection(ProjectConfigurationPlatforms) = postSolution
		{4A121015-6930-4F8A-8A19-415BAF9DBCEF}.Debug|Any CPU.ActiveCfg = Debug|x64
		{4A121015-6930-4F8A-8A19-415BAF9DBCEF}.Debug|Any CPU.Build.0 = Debug|x64
		{4A121015-6930-4F8A-8A19-415BAF9DBCEF}.Debug|Any CPU.Deploy.0 = Debug|x64
		{4A121015-6930-4F8A-8A19-415BAF9DBCEF}.Debug|ARM.ActiveCfg = Debug|ARM
		{4A121015-6930-4F8A-8A19-415BAF9DBCEF}.Debug|ARM.Build.0 = Debug|ARM
		{4A121015-6930-4F8A-8A19-415BAF9DBCEF}.Debug|ARM.Deploy.0 = Debug|ARM
		{4A121015-6930-4F8A-8A19-415BAF9DBCEF}.Debug|iPhone.ActiveCfg = Debug|x64
		{4A121015-6930-4F8A-8A19-415BAF9DBCEF}.Debug|iPhone.Build.0 = Debug|x64
		{4A121015-6930-4F8A-8A19-415BAF9DBCEF}.Debug|iPhone.Deploy.0 = Debug|x64
		{4A121015-6930-4F8A-8A19-415BAF9DBCEF}.Debug|iPhoneSimulator.ActiveCfg = Debug|x64
		{4A121015-6930-4F8A-8A19-415BAF9DBCEF}.Debug|iPhoneSimulator.Build.0 = Debug|x64
		{4A121015-6930-4F8A-8A19-415BAF9DBCEF}.Debug|iPhoneSimulator.Deploy.0 = Debug|x64
		{4A121015-6930-4F8A-8A19-415BAF9DBCEF}.Debug|x64.ActiveCfg = Debug|x64
		{4A121015-6930-4F8A-8A19-415BAF9DBCEF}.Debug|x64.Build.0 = Debug|x64
		{4A121015-6930-4F8A-8A19-415BAF9DBCEF}.Debug|x64.Deploy.0 = Debug|x64
		{4A121015-6930-4F8A-8A19-415BAF9DBCEF}.Debug|x86.ActiveCfg = Debug|x86
		{4A121015-6930-4F8A-8A19-415BAF9DBCEF}.Debug|x86.Build.0 = Debug|x86
		{4A121015-6930-4F8A-8A19-415BAF9DBCEF}.Debug|x86.Deploy.0 = Debug|x86
		{4A121015-6930-4F8A-8A19-415BAF9DBCEF}.Release|Any CPU.ActiveCfg = Release|x64
		{4A121015-6930-4F8A-8A19-415BAF9DBCEF}.Release|Any CPU.Build.0 = Release|x64
		{4A121015-6930-4F8A-8A19-415BAF9DBCEF}.Release|Any CPU.Deploy.0 = Release|x64
		{4A121015-6930-4F8A-8A19-415BAF9DBCEF}.Release|ARM.ActiveCfg = Release|ARM
		{4A121015-6930-4F8A-8A19-415BAF9DBCEF}.Release|ARM.Build.0 = Release|ARM
		{4A121015-6930-4F8A-8A19-415BAF9DBCEF}.Release|ARM.Deploy.0 = Release|ARM
		{4A121015-6930-4F8A-8A19-415BAF9DBCEF}.Release|iPhone.ActiveCfg = Release|x64
		{4A121015-6930-4F8A-8A19-415BAF9DBCEF}.Release|iPhone.Build.0 = Release|x64
		{4A121015-6930-4F8A-8A19-415BAF9DBCEF}.Release|iPhone.Deploy.0 = Release|x64
		{4A121015-6930-4F8A-8A19-415BAF9DBCEF}.Release|iPhoneSimulator.ActiveCfg = Release|x64
		{4A121015-6930-4F8A-8A19-415BAF9DBCEF}.Release|iPhoneSimulator.Build.0 = Release|x64
		{4A121015-6930-4F8A-8A19-415BAF9DBCEF}.Release|iPhoneSimulator.Deploy.0 = Release|x64
		{4A121015-6930-4F8A-8A19-415BAF9DBCEF}.Release|x64.ActiveCfg = Release|x64
		{4A121015-6930-4F8A-8A19-415BAF9DBCEF}.Release|x64.Build.0 = Release|x64
		{4A121015-6930-4F8A-8A19-415BAF9DBCEF}.Release|x64.Deploy.0 = Release|x64
		{4A121015-6930-4F8A-8A19-415BAF9DBCEF}.Release|x86.ActiveCfg = Release|x86
		{4A121015-6930-4F8A-8A19-415BAF9DBCEF}.Release|x86.Build.0 = Release|x86
		{4A121015-6930-4F8A-8A19-415BAF9DBCEF}.Release|x86.Deploy.0 = Release|x86
		{AF3C53B7-CDCE-43CA-A92F-D6DABFCD147A}.Debug|Any CPU.ActiveCfg = Debug|Any CPU
		{AF3C53B7-CDCE-43CA-A92F-D6DABFCD147A}.Debug|Any CPU.Build.0 = Debug|Any CPU
		{AF3C53B7-CDCE-43CA-A92F-D6DABFCD147A}.Debug|Any CPU.Deploy.0 = Debug|Any CPU
		{AF3C53B7-CDCE-43CA-A92F-D6DABFCD147A}.Debug|ARM.ActiveCfg = Debug|Any CPU
		{AF3C53B7-CDCE-43CA-A92F-D6DABFCD147A}.Debug|ARM.Build.0 = Debug|Any CPU
		{AF3C53B7-CDCE-43CA-A92F-D6DABFCD147A}.Debug|ARM.Deploy.0 = Debug|Any CPU
		{AF3C53B7-CDCE-43CA-A92F-D6DABFCD147A}.Debug|iPhone.ActiveCfg = Debug|Any CPU
		{AF3C53B7-CDCE-43CA-A92F-D6DABFCD147A}.Debug|iPhone.Build.0 = Debug|Any CPU
		{AF3C53B7-CDCE-43CA-A92F-D6DABFCD147A}.Debug|iPhone.Deploy.0 = Debug|Any CPU
		{AF3C53B7-CDCE-43CA-A92F-D6DABFCD147A}.Debug|iPhoneSimulator.ActiveCfg = Debug|Any CPU
		{AF3C53B7-CDCE-43CA-A92F-D6DABFCD147A}.Debug|iPhoneSimulator.Build.0 = Debug|Any CPU
		{AF3C53B7-CDCE-43CA-A92F-D6DABFCD147A}.Debug|iPhoneSimulator.Deploy.0 = Debug|Any CPU
		{AF3C53B7-CDCE-43CA-A92F-D6DABFCD147A}.Debug|x64.ActiveCfg = Debug|Any CPU
		{AF3C53B7-CDCE-43CA-A92F-D6DABFCD147A}.Debug|x64.Build.0 = Debug|Any CPU
		{AF3C53B7-CDCE-43CA-A92F-D6DABFCD147A}.Debug|x64.Deploy.0 = Debug|Any CPU
		{AF3C53B7-CDCE-43CA-A92F-D6DABFCD147A}.Debug|x86.ActiveCfg = Debug|Any CPU
		{AF3C53B7-CDCE-43CA-A92F-D6DABFCD147A}.Debug|x86.Build.0 = Debug|Any CPU
		{AF3C53B7-CDCE-43CA-A92F-D6DABFCD147A}.Debug|x86.Deploy.0 = Debug|Any CPU
		{AF3C53B7-CDCE-43CA-A92F-D6DABFCD147A}.Release|Any CPU.ActiveCfg = Release|Any CPU
		{AF3C53B7-CDCE-43CA-A92F-D6DABFCD147A}.Release|Any CPU.Build.0 = Release|Any CPU
		{AF3C53B7-CDCE-43CA-A92F-D6DABFCD147A}.Release|Any CPU.Deploy.0 = Release|Any CPU
		{AF3C53B7-CDCE-43CA-A92F-D6DABFCD147A}.Release|ARM.ActiveCfg = Release|Any CPU
		{AF3C53B7-CDCE-43CA-A92F-D6DABFCD147A}.Release|ARM.Build.0 = Release|Any CPU
		{AF3C53B7-CDCE-43CA-A92F-D6DABFCD147A}.Release|ARM.Deploy.0 = Release|Any CPU
		{AF3C53B7-CDCE-43CA-A92F-D6DABFCD147A}.Release|iPhone.ActiveCfg = Release|Any CPU
		{AF3C53B7-CDCE-43CA-A92F-D6DABFCD147A}.Release|iPhone.Build.0 = Release|Any CPU
		{AF3C53B7-CDCE-43CA-A92F-D6DABFCD147A}.Release|iPhone.Deploy.0 = Release|Any CPU
		{AF3C53B7-CDCE-43CA-A92F-D6DABFCD147A}.Release|iPhoneSimulator.ActiveCfg = Release|Any CPU
		{AF3C53B7-CDCE-43CA-A92F-D6DABFCD147A}.Release|iPhoneSimulator.Build.0 = Release|Any CPU
		{AF3C53B7-CDCE-43CA-A92F-D6DABFCD147A}.Release|iPhoneSimulator.Deploy.0 = Release|Any CPU
		{AF3C53B7-CDCE-43CA-A92F-D6DABFCD147A}.Release|x64.ActiveCfg = Release|Any CPU
		{AF3C53B7-CDCE-43CA-A92F-D6DABFCD147A}.Release|x64.Build.0 = Release|Any CPU
		{AF3C53B7-CDCE-43CA-A92F-D6DABFCD147A}.Release|x64.Deploy.0 = Release|Any CPU
		{AF3C53B7-CDCE-43CA-A92F-D6DABFCD147A}.Release|x86.ActiveCfg = Release|Any CPU
		{AF3C53B7-CDCE-43CA-A92F-D6DABFCD147A}.Release|x86.Build.0 = Release|Any CPU
		{AF3C53B7-CDCE-43CA-A92F-D6DABFCD147A}.Release|x86.Deploy.0 = Release|Any CPU
		{C6354ED7-BE9A-454C-BDCC-146EDE6A44F7}.Debug|Any CPU.ActiveCfg = Debug|iPhoneSimulator
		{C6354ED7-BE9A-454C-BDCC-146EDE6A44F7}.Debug|Any CPU.Build.0 = Debug|iPhoneSimulator
		{C6354ED7-BE9A-454C-BDCC-146EDE6A44F7}.Debug|Any CPU.Deploy.0 = Debug|iPhoneSimulator
		{C6354ED7-BE9A-454C-BDCC-146EDE6A44F7}.Debug|ARM.ActiveCfg = Debug|iPhoneSimulator
		{C6354ED7-BE9A-454C-BDCC-146EDE6A44F7}.Debug|ARM.Build.0 = Debug|iPhoneSimulator
		{C6354ED7-BE9A-454C-BDCC-146EDE6A44F7}.Debug|ARM.Deploy.0 = Debug|iPhoneSimulator
		{C6354ED7-BE9A-454C-BDCC-146EDE6A44F7}.Debug|iPhone.ActiveCfg = Debug|iPhone
		{C6354ED7-BE9A-454C-BDCC-146EDE6A44F7}.Debug|iPhone.Build.0 = Debug|iPhone
		{C6354ED7-BE9A-454C-BDCC-146EDE6A44F7}.Debug|iPhone.Deploy.0 = Debug|iPhone
		{C6354ED7-BE9A-454C-BDCC-146EDE6A44F7}.Debug|iPhoneSimulator.ActiveCfg = Debug|iPhoneSimulator
		{C6354ED7-BE9A-454C-BDCC-146EDE6A44F7}.Debug|iPhoneSimulator.Build.0 = Debug|iPhoneSimulator
		{C6354ED7-BE9A-454C-BDCC-146EDE6A44F7}.Debug|iPhoneSimulator.Deploy.0 = Debug|iPhoneSimulator
		{C6354ED7-BE9A-454C-BDCC-146EDE6A44F7}.Debug|x64.ActiveCfg = Debug|iPhone
		{C6354ED7-BE9A-454C-BDCC-146EDE6A44F7}.Debug|x64.Build.0 = Debug|iPhone
		{C6354ED7-BE9A-454C-BDCC-146EDE6A44F7}.Debug|x64.Deploy.0 = Debug|iPhone
		{C6354ED7-BE9A-454C-BDCC-146EDE6A44F7}.Debug|x86.ActiveCfg = Debug|iPhoneSimulator
		{C6354ED7-BE9A-454C-BDCC-146EDE6A44F7}.Debug|x86.Build.0 = Debug|iPhoneSimulator
		{C6354ED7-BE9A-454C-BDCC-146EDE6A44F7}.Debug|x86.Deploy.0 = Debug|iPhoneSimulator
		{C6354ED7-BE9A-454C-BDCC-146EDE6A44F7}.Release|Any CPU.ActiveCfg = Release|iPhoneSimulator
		{C6354ED7-BE9A-454C-BDCC-146EDE6A44F7}.Release|Any CPU.Build.0 = Release|iPhoneSimulator
		{C6354ED7-BE9A-454C-BDCC-146EDE6A44F7}.Release|Any CPU.Deploy.0 = Release|iPhoneSimulator
		{C6354ED7-BE9A-454C-BDCC-146EDE6A44F7}.Release|ARM.ActiveCfg = Release|iPhoneSimulator
		{C6354ED7-BE9A-454C-BDCC-146EDE6A44F7}.Release|ARM.Build.0 = Release|iPhoneSimulator
		{C6354ED7-BE9A-454C-BDCC-146EDE6A44F7}.Release|ARM.Deploy.0 = Release|iPhoneSimulator
		{C6354ED7-BE9A-454C-BDCC-146EDE6A44F7}.Release|iPhone.ActiveCfg = Release|iPhone
		{C6354ED7-BE9A-454C-BDCC-146EDE6A44F7}.Release|iPhone.Build.0 = Release|iPhone
		{C6354ED7-BE9A-454C-BDCC-146EDE6A44F7}.Release|iPhone.Deploy.0 = Release|iPhone
		{C6354ED7-BE9A-454C-BDCC-146EDE6A44F7}.Release|iPhoneSimulator.ActiveCfg = Release|iPhoneSimulator
		{C6354ED7-BE9A-454C-BDCC-146EDE6A44F7}.Release|iPhoneSimulator.Build.0 = Release|iPhoneSimulator
		{C6354ED7-BE9A-454C-BDCC-146EDE6A44F7}.Release|iPhoneSimulator.Deploy.0 = Release|iPhoneSimulator
		{C6354ED7-BE9A-454C-BDCC-146EDE6A44F7}.Release|x64.ActiveCfg = Release|iPhoneSimulator
		{C6354ED7-BE9A-454C-BDCC-146EDE6A44F7}.Release|x64.Build.0 = Release|iPhoneSimulator
		{C6354ED7-BE9A-454C-BDCC-146EDE6A44F7}.Release|x64.Deploy.0 = Release|iPhoneSimulator
		{C6354ED7-BE9A-454C-BDCC-146EDE6A44F7}.Release|x86.ActiveCfg = Release|iPhoneSimulator
		{C6354ED7-BE9A-454C-BDCC-146EDE6A44F7}.Release|x86.Build.0 = Release|iPhoneSimulator
		{C6354ED7-BE9A-454C-BDCC-146EDE6A44F7}.Release|x86.Deploy.0 = Release|iPhoneSimulator
		{4D0AD1F6-8EE6-4476-81D9-C0564CD62132}.Debug|Any CPU.ActiveCfg = Debug|Any CPU
		{4D0AD1F6-8EE6-4476-81D9-C0564CD62132}.Debug|Any CPU.Build.0 = Debug|Any CPU
		{4D0AD1F6-8EE6-4476-81D9-C0564CD62132}.Debug|Any CPU.Deploy.0 = Debug|Any CPU
		{4D0AD1F6-8EE6-4476-81D9-C0564CD62132}.Debug|ARM.ActiveCfg = Debug|Any CPU
		{4D0AD1F6-8EE6-4476-81D9-C0564CD62132}.Debug|ARM.Build.0 = Debug|Any CPU
		{4D0AD1F6-8EE6-4476-81D9-C0564CD62132}.Debug|ARM.Deploy.0 = Debug|Any CPU
		{4D0AD1F6-8EE6-4476-81D9-C0564CD62132}.Debug|iPhone.ActiveCfg = Debug|Any CPU
		{4D0AD1F6-8EE6-4476-81D9-C0564CD62132}.Debug|iPhone.Build.0 = Debug|Any CPU
		{4D0AD1F6-8EE6-4476-81D9-C0564CD62132}.Debug|iPhone.Deploy.0 = Debug|Any CPU
		{4D0AD1F6-8EE6-4476-81D9-C0564CD62132}.Debug|iPhoneSimulator.ActiveCfg = Debug|Any CPU
		{4D0AD1F6-8EE6-4476-81D9-C0564CD62132}.Debug|iPhoneSimulator.Build.0 = Debug|Any CPU
		{4D0AD1F6-8EE6-4476-81D9-C0564CD62132}.Debug|iPhoneSimulator.Deploy.0 = Debug|Any CPU
		{4D0AD1F6-8EE6-4476-81D9-C0564CD62132}.Debug|x64.ActiveCfg = Debug|Any CPU
		{4D0AD1F6-8EE6-4476-81D9-C0564CD62132}.Debug|x64.Build.0 = Debug|Any CPU
		{4D0AD1F6-8EE6-4476-81D9-C0564CD62132}.Debug|x64.Deploy.0 = Debug|Any CPU
		{4D0AD1F6-8EE6-4476-81D9-C0564CD62132}.Debug|x86.ActiveCfg = Debug|Any CPU
		{4D0AD1F6-8EE6-4476-81D9-C0564CD62132}.Debug|x86.Build.0 = Debug|Any CPU
		{4D0AD1F6-8EE6-4476-81D9-C0564CD62132}.Debug|x86.Deploy.0 = Debug|Any CPU
		{4D0AD1F6-8EE6-4476-81D9-C0564CD62132}.Release|Any CPU.ActiveCfg = Release|Any CPU
		{4D0AD1F6-8EE6-4476-81D9-C0564CD62132}.Release|Any CPU.Build.0 = Release|Any CPU
		{4D0AD1F6-8EE6-4476-81D9-C0564CD62132}.Release|Any CPU.Deploy.0 = Release|Any CPU
		{4D0AD1F6-8EE6-4476-81D9-C0564CD62132}.Release|ARM.ActiveCfg = Release|Any CPU
		{4D0AD1F6-8EE6-4476-81D9-C0564CD62132}.Release|ARM.Build.0 = Release|Any CPU
		{4D0AD1F6-8EE6-4476-81D9-C0564CD62132}.Release|ARM.Deploy.0 = Release|Any CPU
		{4D0AD1F6-8EE6-4476-81D9-C0564CD62132}.Release|iPhone.ActiveCfg = Release|Any CPU
		{4D0AD1F6-8EE6-4476-81D9-C0564CD62132}.Release|iPhone.Build.0 = Release|Any CPU
		{4D0AD1F6-8EE6-4476-81D9-C0564CD62132}.Release|iPhone.Deploy.0 = Release|Any CPU
		{4D0AD1F6-8EE6-4476-81D9-C0564CD62132}.Release|iPhoneSimulator.ActiveCfg = Release|Any CPU
		{4D0AD1F6-8EE6-4476-81D9-C0564CD62132}.Release|iPhoneSimulator.Build.0 = Release|Any CPU
		{4D0AD1F6-8EE6-4476-81D9-C0564CD62132}.Release|iPhoneSimulator.Deploy.0 = Release|Any CPU
		{4D0AD1F6-8EE6-4476-81D9-C0564CD62132}.Release|x64.ActiveCfg = Release|Any CPU
		{4D0AD1F6-8EE6-4476-81D9-C0564CD62132}.Release|x64.Build.0 = Release|Any CPU
		{4D0AD1F6-8EE6-4476-81D9-C0564CD62132}.Release|x64.Deploy.0 = Release|Any CPU
		{4D0AD1F6-8EE6-4476-81D9-C0564CD62132}.Release|x86.ActiveCfg = Release|Any CPU
		{4D0AD1F6-8EE6-4476-81D9-C0564CD62132}.Release|x86.Build.0 = Release|Any CPU
		{4D0AD1F6-8EE6-4476-81D9-C0564CD62132}.Release|x86.Deploy.0 = Release|Any CPU
	EndGlobalSection
	GlobalSection(SolutionProperties) = preSolution
		HideSolutionNode = FALSE
	EndGlobalSection
	GlobalSection(ExtensibilityGlobals) = postSolution
		SolutionGuid = {1F7DBD9B-CA6D-4AC1-A17D-83F4FC48A258}
	EndGlobalSection
EndGlobal
